<?xml version="1.0" encoding="utf-8"?>
<Project ToolsVersion="4.0" xmlns="http://schemas.microsoft.com/developer/msbuild/2003">
  <ItemGroup>
    <ClCompile Include="main.cpp">
      <Filter>App</Filter>
    </ClCompile>
    <ClCompile Include="AppWindow.cpp">
      <Filter>App</Filter>
    </ClCompile>
    <ClCompile Include="window.cpp">
      <Filter>Game Engine\Windowing System</Filter>
    </ClCompile>
    <ClCompile Include="GraphicsEngine.cpp">
      <Filter>Game Engine\Graphics Engine</Filter>
    </ClCompile>
    <ClCompile Include="SwapChain.cpp">
      <Filter>Game Engine\Graphics Engine\Swap Chain</Filter>
    </ClCompile>
    <ClCompile Include="DeviceContext.cpp">
      <Filter>Game Engine\Graphics Engine\Device Context</Filter>
    </ClCompile>
  </ItemGroup>
  <ItemGroup>
    <ClInclude Include="AppWindow.h">
      <Filter>App</Filter>
    </ClInclude>
    <ClInclude Include="window.h">
      <Filter>Game Engine\Windowing System</Filter>
    </ClInclude>
    <ClInclude Include="GraphicsEngine.h">
      <Filter>Game Engine\Graphics Engine</Filter>
    </ClInclude>
    <ClInclude Include="SwapChain.h">
      <Filter>Game Engine\Graphics Engine\Swap Chain</Filter>
    </ClInclude>
    <ClInclude Include="DeviceContext.h">
      <Filter>Game Engine\Graphics Engine\Device Context</Filter>
    </ClInclude>
  </ItemGroup>
  <ItemGroup>
    <Filter Include="App">
      <UniqueIdentifier>{bdabb536-6c47-403c-a312-6dd639a75e0d}</UniqueIdentifier>
    </Filter>
    <Filter Include="Game Engine">
      <UniqueIdentifier>{cb4e6714-7b66-4683-9ed0-901cbb77b168}</UniqueIdentifier>
    </Filter>
    <Filter Include="Game Engine\Windowing System">
      <UniqueIdentifier>{5c22b0cc-44c8-4587-9573-c4327bd97b3b}</UniqueIdentifier>
    </Filter>
    <Filter Include="Game Engine\Graphics Engine">
      <UniqueIdentifier>{495c0be8-31c8-4cc5-a578-e7613bdf2b0c}</UniqueIdentifier>
    </Filter>
    <Filter Include="Game Engine\Graphics Engine\Swap Chain">
      <UniqueIdentifier>{a65990c5-5931-4283-9375-b2bd0ca0c228}</UniqueIdentifier>
    </Filter>
    <Filter Include="Game Engine\Graphics Engine\Device Context">
      <UniqueIdentifier>{b59164ee-aa09-48be-bd71-5208dde36358}</UniqueIdentifier>
    </Filter>
  </ItemGroup>
</Project>