<?xml version="1.0" encoding="utf-8"?>
<Project ToolsVersion="4.0" xmlns="http://schemas.microsoft.com/developer/msbuild/2003">
  <ItemGroup>
    <ClCompile Include="main.cpp">
      <Filter>App</Filter>
    </ClCompile>
    <ClCompile Include="AppWindow.cpp">
      <Filter>App</Filter>
    </ClCompile>
    <ClCompile Include="window.cpp">
      <Filter>Game Engine\Windowing System</Filter>
    </ClCompile>
    <ClCompile Include="GraphicsEngine.cpp">
      <Filter>Game Engine\Graphics Engine</Filter>
    </ClCompile>
    <ClCompile Include="SwapChain.cpp">
      <Filter>Game Engine\Graphics Engine\RenderSystem\Swap Chain</Filter>
    </ClCompile>
    <ClCompile Include="DeviceContext.cpp">
      <Filter>Game Engine\Graphics Engine\RenderSystem\Device Context</Filter>
    </ClCompile>
    <ClCompile Include="VertexBuffer.cpp">
      <Filter>Game Engine\Graphics Engine\RenderSystem\Vertex Buffer</Filter>
    </ClCompile>
    <ClCompile Include="VertexShader.cpp">
      <Filter>Game Engine\Graphics Engine\RenderSystem\Vertex Shader</Filter>
    </ClCompile>
    <ClCompile Include="PixelShader.cpp">
      <Filter>Game Engine\Graphics Engine\RenderSystem\Pixel Shader</Filter>
    </ClCompile>
    <ClCompile Include="ConstantBuffer.cpp">
      <Filter>Game Engine\Graphics Engine\RenderSystem\ConstantBuffer</Filter>
    </ClCompile>
    <ClCompile Include="IndexBuffer.cpp">
      <Filter>Game Engine\Graphics Engine\RenderSystem\IndexBuffer</Filter>
    </ClCompile>
    <ClCompile Include="InputSystem.cpp">
      <Filter>Game Engine\InputSystem</Filter>
    </ClCompile>
    <ClCompile Include="RenderSystem.cpp">
      <Filter>Game Engine\Graphics Engine\RenderSystem</Filter>
    </ClCompile>
    <ClCompile Include="ResourceManager.cpp">
      <Filter>Game Engine\Graphics Engine\ResourceManager</Filter>
    </ClCompile>
    <ClCompile Include="Resource.cpp">
      <Filter>Game Engine\Graphics Engine\ResourceManager</Filter>
    </ClCompile>
    <ClCompile Include="Texture.cpp">
      <Filter>Game Engine\Graphics Engine\ResourceManager\TextureManager</Filter>
    </ClCompile>
    <ClCompile Include="TextureManager.cpp">
      <Filter>Game Engine\Graphics Engine\ResourceManager\TextureManager</Filter>
    </ClCompile>
    <ClCompile Include="Mesh.cpp">
      <Filter>Game Engine\Graphics Engine\ResourceManager\MeshManager</Filter>
    </ClCompile>
    <ClCompile Include="MeshManager.cpp">
      <Filter>Game Engine\Graphics Engine\ResourceManager\MeshManager</Filter>
    </ClCompile>
  </ItemGroup>
  <ItemGroup>
    <ClInclude Include="AppWindow.h">
      <Filter>App</Filter>
    </ClInclude>
    <ClInclude Include="window.h">
      <Filter>Game Engine\Windowing System</Filter>
    </ClInclude>
    <ClInclude Include="GraphicsEngine.h">
      <Filter>Game Engine\Graphics Engine</Filter>
    </ClInclude>
    <ClInclude Include="SwapChain.h">
      <Filter>Game Engine\Graphics Engine\RenderSystem\Swap Chain</Filter>
    </ClInclude>
    <ClInclude Include="DeviceContext.h">
      <Filter>Game Engine\Graphics Engine\RenderSystem\Device Context</Filter>
    </ClInclude>
    <ClInclude Include="VertexBuffer.h">
      <Filter>Game Engine\Graphics Engine\RenderSystem\Vertex Buffer</Filter>
    </ClInclude>
    <ClInclude Include="PixelShader.h">
      <Filter>Game Engine\Graphics Engine\RenderSystem\Pixel Shader</Filter>
    </ClInclude>
    <ClInclude Include="VertexShader.h">
      <Filter>Game Engine\Graphics Engine\RenderSystem\Vertex Shader</Filter>
    </ClInclude>
    <ClInclude Include="ConstantBuffer.h">
      <Filter>Game Engine\Graphics Engine\RenderSystem\ConstantBuffer</Filter>
    </ClInclude>
    <ClInclude Include="IndexBuffer.h">
      <Filter>Game Engine\Graphics Engine\RenderSystem\IndexBuffer</Filter>
    </ClInclude>
    <ClInclude Include="InputSystem.h">
      <Filter>Game Engine\InputSystem</Filter>
    </ClInclude>
    <ClInclude Include="InputListener.h">
      <Filter>Game Engine\InputSystem</Filter>
    </ClInclude>
    <ClInclude Include="Point.h">
      <Filter>Game Engine\Math</Filter>
    </ClInclude>
    <ClInclude Include="Vector3D.h">
      <Filter>Game Engine\Math</Filter>
    </ClInclude>
    <ClInclude Include="Matrix4x4.h">
      <Filter>Game Engine\Math</Filter>
    </ClInclude>
    <ClInclude Include="Vector4D.h">
      <Filter>Game Engine\Math</Filter>
    </ClInclude>
    <ClInclude Include="RenderSystem.h">
      <Filter>Game Engine\Graphics Engine\RenderSystem</Filter>
    </ClInclude>
    <ClInclude Include="Prerequisites.h">
      <Filter>Game Engine\Graphics Engine</Filter>
    </ClInclude>
    <ClInclude Include="ResourceManager.h">
      <Filter>Game Engine\Graphics Engine\ResourceManager</Filter>
    </ClInclude>
    <ClInclude Include="Resource.h">
      <Filter>Game Engine\Graphics Engine\ResourceManager</Filter>
    </ClInclude>
    <ClInclude Include="Texture.h">
      <Filter>Game Engine\Graphics Engine\ResourceManager\TextureManager</Filter>
    </ClInclude>
    <ClInclude Include="TextureManager.h">
      <Filter>Game Engine\Graphics Engine\ResourceManager\TextureManager</Filter>
    </ClInclude>
    <ClInclude Include="Vector2D.h">
      <Filter>Game Engine\Math</Filter>
    </ClInclude>
    <ClInclude Include="Mesh.h">
      <Filter>Game Engine\Graphics Engine\ResourceManager\MeshManager</Filter>
    </ClInclude>
    <ClInclude Include="MeshManager.h">
      <Filter>Game Engine\Graphics Engine\ResourceManager\MeshManager</Filter>
    </ClInclude>
    <ClInclude Include="VertexMesh.h">
      <Filter>Game Engine\Math</Filter>
    </ClInclude>
  </ItemGroup>
  <ItemGroup>
    <Filter Include="App">
      <UniqueIdentifier>{bdabb536-6c47-403c-a312-6dd639a75e0d}</UniqueIdentifier>
    </Filter>
    <Filter Include="Game Engine">
      <UniqueIdentifier>{cb4e6714-7b66-4683-9ed0-901cbb77b168}</UniqueIdentifier>
    </Filter>
    <Filter Include="Game Engine\Windowing System">
      <UniqueIdentifier>{5c22b0cc-44c8-4587-9573-c4327bd97b3b}</UniqueIdentifier>
    </Filter>
    <Filter Include="Game Engine\Graphics Engine">
      <UniqueIdentifier>{495c0be8-31c8-4cc5-a578-e7613bdf2b0c}</UniqueIdentifier>
    </Filter>
    <Filter Include="Game Engine\Math">
      <UniqueIdentifier>{a23c5ab2-9651-46a4-b569-7a9a97b6cf4a}</UniqueIdentifier>
    </Filter>
    <Filter Include="Game Engine\InputSystem">
      <UniqueIdentifier>{37cb6add-d709-4fae-a51d-9e9fe30f419e}</UniqueIdentifier>
    </Filter>
    <Filter Include="Game Engine\Graphics Engine\RenderSystem">
      <UniqueIdentifier>{44305c38-5780-4950-907d-53d530518501}</UniqueIdentifier>
    </Filter>
    <Filter Include="Game Engine\Graphics Engine\RenderSystem\IndexBuffer">
      <UniqueIdentifier>{d045ce31-eece-4433-b08c-96a9b1fc388e}</UniqueIdentifier>
    </Filter>
    <Filter Include="Game Engine\Graphics Engine\RenderSystem\Device Context">
      <UniqueIdentifier>{b59164ee-aa09-48be-bd71-5208dde36358}</UniqueIdentifier>
    </Filter>
    <Filter Include="Game Engine\Graphics Engine\RenderSystem\ConstantBuffer">
      <UniqueIdentifier>{7f5177e2-8e3e-4a4c-a568-9e6d380fd626}</UniqueIdentifier>
    </Filter>
    <Filter Include="Game Engine\Graphics Engine\RenderSystem\Pixel Shader">
      <UniqueIdentifier>{5828618a-1b05-4836-8caa-93434c89c34a}</UniqueIdentifier>
    </Filter>
    <Filter Include="Game Engine\Graphics Engine\RenderSystem\Swap Chain">
      <UniqueIdentifier>{a65990c5-5931-4283-9375-b2bd0ca0c228}</UniqueIdentifier>
    </Filter>
    <Filter Include="Game Engine\Graphics Engine\RenderSystem\Vertex Buffer">
      <UniqueIdentifier>{2854ecdc-93cf-4730-910f-91170e5a4a37}</UniqueIdentifier>
    </Filter>
    <Filter Include="Game Engine\Graphics Engine\RenderSystem\Vertex Shader">
      <UniqueIdentifier>{36b09336-3986-446a-aae0-aa457b894477}</UniqueIdentifier>
    </Filter>
    <Filter Include="Game Engine\Graphics Engine\ResourceManager">
      <UniqueIdentifier>{70906add-1a4b-4b83-85d2-23e68c052c61}</UniqueIdentifier>
    </Filter>
    <Filter Include="Game Engine\Graphics Engine\ResourceManager\TextureManager">
      <UniqueIdentifier>{6586754f-504e-4072-8700-b14b723c37f2}</UniqueIdentifier>
    </Filter>
    <Filter Include="Game Engine\Graphics Engine\ResourceManager\MeshManager">
      <UniqueIdentifier>{786e7807-bef3-4d1d-9118-f0054c9ba623}</UniqueIdentifier>
    </Filter>
  </ItemGroup>
  <ItemGroup>
    <FxCompile Include="VertexShader.hlsl">
      <Filter>App</Filter>
    </FxCompile>
    <FxCompile Include="PixelShader.hlsl">
      <Filter>App</Filter>
    </FxCompile>
    <FxCompile Include="VertexMeshLayoutShader.hlsl">
      <Filter>Game Engine\Graphics Engine</Filter>
    </FxCompile>
    <FxCompile Include="SkyboxShader.hlsl">
      <Filter>App</Filter>
    </FxCompile>
  </ItemGroup>
</Project>